PODS:
  - AFNetworking (3.1.0):
    - AFNetworking/NSURLSession (= 3.1.0)
    - AFNetworking/Reachability (= 3.1.0)
    - AFNetworking/Security (= 3.1.0)
    - AFNetworking/Serialization (= 3.1.0)
    - AFNetworking/UIKit (= 3.1.0)
  - AFNetworking/NSURLSession (3.1.0):
    - AFNetworking/Reachability
    - AFNetworking/Security
    - AFNetworking/Serialization
  - AFNetworking/Reachability (3.1.0)
  - AFNetworking/Security (3.1.0)
  - AFNetworking/Serialization (3.1.0)
  - AFNetworking/UIKit (3.1.0):
    - AFNetworking/NSURLSession
  - JSONModel (1.2.0)
  - NSOperationQueue+CompletionBlock (1.0.0)
  - UIGifImage (0.0.3)
  - UIImage+animatedGif (0.1.0)
  - XLForm (3.1.1)

DEPENDENCIES:
  - AFNetworking (~> 3.1.0)
  - JSONModel (~> 1.2.0)
  - NSOperationQueue+CompletionBlock (~> 1.0)
  - UIGifImage (~> 0.0.3)
  - UIImage+animatedGif (~> 0.1.0)
  - XLForm (~> 3.1.1)

SPEC CHECKSUMS:
  AFNetworking: 5e0e199f73d8626b11e79750991f5d173d1f8b67
  JSONModel: 12523685c4b623553ccf844bbbf7007624317b2c
  NSOperationQueue+CompletionBlock: 15e8ab9144ddf3f9c2147e64fee87895e0b286c4
  UIGifImage: 7a38a4be53ed444d5db9e05743d69ea34df5ca35
  UIImage+animatedGif: 21cff7203edfb45ca0dd035505a4988cc0156356
  XLForm: c9ee7e0f859341279bfd894f9589a9d25c23e4df

COCOAPODS: 0.39.0
